
Microsoft Visual Studio Solution File, Format Version 12.00
# Visual Studio 15
VisualStudioVersion = 15.0.26730.16
MinimumVisualStudioVersion = 10.0.40219.1
Project("{FAE04EC0-301F-11D3-BF4B-00C04F79EFBC}") = "SharePointAddInSample", "SharePointAddInSample\SharePointAddInSample.csproj", "{2B5A2F37-FB63-479A-89D2-71140DEFA84F}"
EndProject
Global
	GlobalSection(SolutionConfigurationPlatforms) = preSolution
		Debug|Any CPU = Debug|Any CPU
		Release|Any CPU = Release|Any CPU
	EndGlobalSection
	GlobalSection(ProjectConfigurationPlatforms) = postSolution
		{2B5A2F37-FB63-479A-89D2-71140DEFA84F}.Debug|Any CPU.ActiveCfg = Debug|Any CPU
		{2B5A2F37-FB63-479A-89D2-71140DEFA84F}.Debug|Any CPU.Build.0 = Debug|Any CPU
		{2B5A2F37-FB63-479A-89D2-71140DEFA84F}.Debug|Any CPU.Deploy.0 = Debug|Any CPU
		{2B5A2F37-FB63-479A-89D2-71140DEFA84F}.Release|Any CPU.ActiveCfg = Release|Any CPU
		{2B5A2F37-FB63-479A-89D2-71140DEFA84F}.Release|Any CPU.Build.0 = Release|Any CPU
		{2B5A2F37-FB63-479A-89D2-71140DEFA84F}.Release|Any CPU.Deploy.0 = Release|Any CPU
	EndGlobalSection
	GlobalSection(SolutionProperties) = preSolution
		HideSolutionNode = FALSE
	EndGlobalSection
	GlobalSection(ExtensibilityGlobals) = postSolution
		SolutionGuid = {30E53975-D01D-45D2-8EEE-D746FAA51009}
	EndGlobalSection
EndGlobal
